
Microsoft Visual Studio Solution File, Format Version 12.00
# Visual Studio Version 16
VisualStudioVersion = 16.0.810.18
MinimumVisualStudioVersion = 10.0.40219.1
Project("{FAE04EC0-301F-11D3-BF4B-00C04F79EFBC}") = "Loans-NUnitDemo", "Loans-NUnitDemo\Loans-NUnitDemo.csproj", "{5D94F983-48C7-4273-94F2-5B7586A88387}"
EndProject
Project("{FAE04EC0-301F-11D3-BF4B-00C04F79EFBC}") = "Loans.Tests", "Loans.Tests\Loans.Tests.csproj", "{AE5B42EA-B48E-40F6-9B3D-39C87ECB0150}"
EndProject
Global
	GlobalSection(SolutionConfigurationPlatforms) = preSolution
		Debug|Any CPU = Debug|Any CPU
		Release|Any CPU = Release|Any CPU
	EndGlobalSection
	GlobalSection(ProjectConfigurationPlatforms) = postSolution
		{5D94F983-48C7-4273-94F2-5B7586A88387}.Debug|Any CPU.ActiveCfg = Debug|Any CPU
		{5D94F983-48C7-4273-94F2-5B7586A88387}.Debug|Any CPU.Build.0 = Debug|Any CPU
		{5D94F983-48C7-4273-94F2-5B7586A88387}.Release|Any CPU.ActiveCfg = Release|Any CPU
		{5D94F983-48C7-4273-94F2-5B7586A88387}.Release|Any CPU.Build.0 = Release|Any CPU
		{AE5B42EA-B48E-40F6-9B3D-39C87ECB0150}.Debug|Any CPU.ActiveCfg = Debug|Any CPU
		{AE5B42EA-B48E-40F6-9B3D-39C87ECB0150}.Debug|Any CPU.Build.0 = Debug|Any CPU
		{AE5B42EA-B48E-40F6-9B3D-39C87ECB0150}.Release|Any CPU.ActiveCfg = Release|Any CPU
		{AE5B42EA-B48E-40F6-9B3D-39C87ECB0150}.Release|Any CPU.Build.0 = Release|Any CPU
	EndGlobalSection
	GlobalSection(SolutionProperties) = preSolution
		HideSolutionNode = FALSE
	EndGlobalSection
	GlobalSection(ExtensibilityGlobals) = postSolution
		SolutionGuid = {9ADDE161-11A4-484C-97F9-5CEE8072E492}
	EndGlobalSection
EndGlobal
